
Microsoft Visual Studio Solution File, Format Version 12.00
# Visual Studio Version 16
VisualStudioVersion = 16.0.30621.155
MinimumVisualStudioVersion = 10.0.40219.1
Project("{FAE04EC0-301F-11D3-BF4B-00C04F79EFBC}") = "AdventOfCode2020_13", "AdventOfCode2020_13.csproj", "{1BA8F45E-937A-40B1-A6CE-BAB82D88BA06}"
EndProject
Global
	GlobalSection(SolutionConfigurationPlatforms) = preSolution
		Debug|Any CPU = Debug|Any CPU
		Release|Any CPU = Release|Any CPU
	EndGlobalSection
	GlobalSection(ProjectConfigurationPlatforms) = postSolution
		{1BA8F45E-937A-40B1-A6CE-BAB82D88BA06}.Debug|Any CPU.ActiveCfg = Debug|Any CPU
		{1BA8F45E-937A-40B1-A6CE-BAB82D88BA06}.Debug|Any CPU.Build.0 = Debug|Any CPU
		{1BA8F45E-937A-40B1-A6CE-BAB82D88BA06}.Release|Any CPU.ActiveCfg = Release|Any CPU
		{1BA8F45E-937A-40B1-A6CE-BAB82D88BA06}.Release|Any CPU.Build.0 = Release|Any CPU
	EndGlobalSection
	GlobalSection(SolutionProperties) = preSolution
		HideSolutionNode = FALSE
	EndGlobalSection
	GlobalSection(ExtensibilityGlobals) = postSolution
		SolutionGuid = {888C701B-42FB-40CD-84AA-A18AFA284B83}
	EndGlobalSection
EndGlobal
