
Microsoft Visual Studio Solution File, Format Version 12.00
# Visual Studio Version 16
VisualStudioVersion = 16.0.30621.155
MinimumVisualStudioVersion = 10.0.40219.1
Project("{FAE04EC0-301F-11D3-BF4B-00C04F79EFBC}") = "AdventOfCode2020_12", "AdventOfCode2020_12.csproj", "{3020A90F-50A1-43A6-A730-EF5F49BCF54D}"
EndProject
Global
	GlobalSection(SolutionConfigurationPlatforms) = preSolution
		Debug|Any CPU = Debug|Any CPU
		Release|Any CPU = Release|Any CPU
	EndGlobalSection
	GlobalSection(ProjectConfigurationPlatforms) = postSolution
		{3020A90F-50A1-43A6-A730-EF5F49BCF54D}.Debug|Any CPU.ActiveCfg = Debug|Any CPU
		{3020A90F-50A1-43A6-A730-EF5F49BCF54D}.Debug|Any CPU.Build.0 = Debug|Any CPU
		{3020A90F-50A1-43A6-A730-EF5F49BCF54D}.Release|Any CPU.ActiveCfg = Release|Any CPU
		{3020A90F-50A1-43A6-A730-EF5F49BCF54D}.Release|Any CPU.Build.0 = Release|Any CPU
	EndGlobalSection
	GlobalSection(SolutionProperties) = preSolution
		HideSolutionNode = FALSE
	EndGlobalSection
	GlobalSection(ExtensibilityGlobals) = postSolution
		SolutionGuid = {459691C5-0638-436F-8347-B288B0C59CE5}
	EndGlobalSection
EndGlobal
