
Microsoft Visual Studio Solution File, Format Version 12.00
# Visual Studio Version 16
VisualStudioVersion = 16.0.30621.155
MinimumVisualStudioVersion = 10.0.40219.1
Project("{FAE04EC0-301F-11D3-BF4B-00C04F79EFBC}") = "AdventOfCode2020_09", "AdventOfCode2020_09.csproj", "{02145DEC-11A5-4355-9F30-7CDDAA75E6F4}"
EndProject
Global
	GlobalSection(SolutionConfigurationPlatforms) = preSolution
		Debug|Any CPU = Debug|Any CPU
		Release|Any CPU = Release|Any CPU
	EndGlobalSection
	GlobalSection(ProjectConfigurationPlatforms) = postSolution
		{02145DEC-11A5-4355-9F30-7CDDAA75E6F4}.Debug|Any CPU.ActiveCfg = Debug|Any CPU
		{02145DEC-11A5-4355-9F30-7CDDAA75E6F4}.Debug|Any CPU.Build.0 = Debug|Any CPU
		{02145DEC-11A5-4355-9F30-7CDDAA75E6F4}.Release|Any CPU.ActiveCfg = Release|Any CPU
		{02145DEC-11A5-4355-9F30-7CDDAA75E6F4}.Release|Any CPU.Build.0 = Release|Any CPU
	EndGlobalSection
	GlobalSection(SolutionProperties) = preSolution
		HideSolutionNode = FALSE
	EndGlobalSection
	GlobalSection(ExtensibilityGlobals) = postSolution
		SolutionGuid = {23CF367D-0BD9-4EBF-A356-80AABE2520A9}
	EndGlobalSection
EndGlobal
